// !$*UTF8*$!
{
	archiveVersion = 1;
	classes = {
	};
	objectVersion = 50;
	objects = {

/* Begin PBXBuildFile section */
		639DD4E02205FDFA008D2FFA /* AppDelegate.swift in Sources */ = {isa = PBXBuildFile; fileRef = 639DD4DF2205FDFA008D2FFA /* AppDelegate.swift */; };
		639DD4E22205FDFA008D2FFA /* MovieListViewController.swift in Sources */ = {isa = PBXBuildFile; fileRef = 639DD4E12205FDFA008D2FFA /* MovieListViewController.swift */; };
		639DD4E52205FDFA008D2FFA /* Main.storyboard in Resources */ = {isa = PBXBuildFile; fileRef = 639DD4E32205FDFA008D2FFA /* Main.storyboard */; };
		639DD4E72205FDFC008D2FFA /* Assets.xcassets in Resources */ = {isa = PBXBuildFile; fileRef = 639DD4E62205FDFC008D2FFA /* Assets.xcassets */; };
		639DD4EA2205FDFC008D2FFA /* LaunchScreen.storyboard in Resources */ = {isa = PBXBuildFile; fileRef = 639DD4E82205FDFC008D2FFA /* LaunchScreen.storyboard */; };
		639DD4F52205FDFC008D2FFA /* MoviesTests.swift in Sources */ = {isa = PBXBuildFile; fileRef = 639DD4F42205FDFC008D2FFA /* MoviesTests.swift */; };
		63E0DFC7220606CC004FEF3C /* MovieDetailViewController.swift in Sources */ = {isa = PBXBuildFile; fileRef = 63E0DFC6220606CC004FEF3C /* MovieDetailViewController.swift */; };
		63E0DFC922060922004FEF3C /* LoadingView.swift in Sources */ = {isa = PBXBuildFile; fileRef = 63E0DFC822060922004FEF3C /* LoadingView.swift */; };
		63E0DFCB220618AF004FEF3C /* Movie.swift in Sources */ = {isa = PBXBuildFile; fileRef = 63E0DFCA220618AF004FEF3C /* Movie.swift */; };
/* End PBXBuildFile section */

/* Begin PBXContainerItemProxy section */
		639DD4F12205FDFC008D2FFA /* PBXContainerItemProxy */ = {
			isa = PBXContainerItemProxy;
			containerPortal = 639DD4D42205FDFA008D2FFA /* Project object */;
			proxyType = 1;
			remoteGlobalIDString = 639DD4DB2205FDFA008D2FFA;
			remoteInfo = Movies;
		};
/* End PBXContainerItemProxy section */

/* Begin PBXFileReference section */
		639DD4DC2205FDFA008D2FFA /* Movies.app */ = {isa = PBXFileReference; explicitFileType = wrapper.application; includeInIndex = 0; path = Movies.app; sourceTree = BUILT_PRODUCTS_DIR; };
		639DD4DF2205FDFA008D2FFA /* AppDelegate.swift */ = {isa = PBXFileReference; lastKnownFileType = sourcecode.swift; path = AppDelegate.swift; sourceTree = "<group>"; };
		639DD4E12205FDFA008D2FFA /* MovieListViewController.swift */ = {isa = PBXFileReference; lastKnownFileType = sourcecode.swift; path = MovieListViewController.swift; sourceTree = "<group>"; };
		639DD4E42205FDFA008D2FFA /* Base */ = {isa = PBXFileReference; lastKnownFileType = file.storyboard; name = Base; path = Base.lproj/Main.storyboard; sourceTree = "<group>"; };
		639DD4E62205FDFC008D2FFA /* Assets.xcassets */ = {isa = PBXFileReference; lastKnownFileType = folder.assetcatalog; path = Assets.xcassets; sourceTree = "<group>"; };
		639DD4E92205FDFC008D2FFA /* Base */ = {isa = PBXFileReference; lastKnownFileType = file.storyboard; name = Base; path = Base.lproj/LaunchScreen.storyboard; sourceTree = "<group>"; };
		639DD4EB2205FDFC008D2FFA /* Info.plist */ = {isa = PBXFileReference; lastKnownFileType = text.plist.xml; path = Info.plist; sourceTree = "<group>"; };
		639DD4F02205FDFC008D2FFA /* MoviesTests.xctest */ = {isa = PBXFileReference; explicitFileType = wrapper.cfbundle; includeInIndex = 0; path = MoviesTests.xctest; sourceTree = BUILT_PRODUCTS_DIR; };
		639DD4F42205FDFC008D2FFA /* MoviesTests.swift */ = {isa = PBXFileReference; lastKnownFileType = sourcecode.swift; path = MoviesTests.swift; sourceTree = "<group>"; };
		639DD4F62205FDFC008D2FFA /* Info.plist */ = {isa = PBXFileReference; lastKnownFileType = text.plist.xml; path = Info.plist; sourceTree = "<group>"; };
		63E0DFC6220606CC004FEF3C /* MovieDetailViewController.swift */ = {isa = PBXFileReference; lastKnownFileType = sourcecode.swift; path = MovieDetailViewController.swift; sourceTree = "<group>"; };
		63E0DFC822060922004FEF3C /* LoadingView.swift */ = {isa = PBXFileReference; fileEncoding = 4; lastKnownFileType = sourcecode.swift; path = LoadingView.swift; sourceTree = "<group>"; };
		63E0DFCA220618AF004FEF3C /* Movie.swift */ = {isa = PBXFileReference; lastKnownFileType = sourcecode.swift; path = Movie.swift; sourceTree = "<group>"; };
/* End PBXFileReference section */

/* Begin PBXFrameworksBuildPhase section */
		639DD4D92205FDFA008D2FFA /* Frameworks */ = {
			isa = PBXFrameworksBuildPhase;
			buildActionMask = 2147483647;
			files = (
			);
			runOnlyForDeploymentPostprocessing = 0;
		};
		639DD4ED2205FDFC008D2FFA /* Frameworks */ = {
			isa = PBXFrameworksBuildPhase;
			buildActionMask = 2147483647;
			files = (
			);
			runOnlyForDeploymentPostprocessing = 0;
		};
/* End PBXFrameworksBuildPhase section */

/* Begin PBXGroup section */
		639DD4D32205FDFA008D2FFA = {
			isa = PBXGroup;
			children = (
				639DD4DE2205FDFA008D2FFA /* Movies */,
				639DD4F32205FDFC008D2FFA /* MoviesTests */,
				639DD4DD2205FDFA008D2FFA /* Products */,
			);
			sourceTree = "<group>";
		};
		639DD4DD2205FDFA008D2FFA /* Products */ = {
			isa = PBXGroup;
			children = (
				639DD4DC2205FDFA008D2FFA /* Movies.app */,
				639DD4F02205FDFC008D2FFA /* MoviesTests.xctest */,
			);
			name = Products;
			sourceTree = "<group>";
		};
		639DD4DE2205FDFA008D2FFA /* Movies */ = {
			isa = PBXGroup;
			children = (
				639DD4DF2205FDFA008D2FFA /* AppDelegate.swift */,
				63E0DFCE22064A6F004FEF3C /* Models */,
				63E0DFCF22064A7F004FEF3C /* ViewControllers */,
				63E0DFD022064A94004FEF3C /* Views */,
				639DD4E62205FDFC008D2FFA /* Assets.xcassets */,
				639DD4E82205FDFC008D2FFA /* LaunchScreen.storyboard */,
				639DD4EB2205FDFC008D2FFA /* Info.plist */,
			);
			path = Movies;
			sourceTree = "<group>";
		};
		639DD4F32205FDFC008D2FFA /* MoviesTests */ = {
			isa = PBXGroup;
			children = (
				639DD4F42205FDFC008D2FFA /* MoviesTests.swift */,
				639DD4F62205FDFC008D2FFA /* Info.plist */,
			);
			path = MoviesTests;
			sourceTree = "<group>";
		};
		63E0DFCE22064A6F004FEF3C /* Models */ = {
			isa = PBXGroup;
			children = (
				63E0DFCA220618AF004FEF3C /* Movie.swift */,
			);
			path = Models;
			sourceTree = "<group>";
		};
		63E0DFCF22064A7F004FEF3C /* ViewControllers */ = {
			isa = PBXGroup;
			children = (
				63E0DFC6220606CC004FEF3C /* MovieDetailViewController.swift */,
				639DD4E12205FDFA008D2FFA /* MovieListViewController.swift */,
			);
			path = ViewControllers;
			sourceTree = "<group>";
		};
		63E0DFD022064A94004FEF3C /* Views */ = {
			isa = PBXGroup;
			children = (
				63E0DFC822060922004FEF3C /* LoadingView.swift */,
				639DD4E32205FDFA008D2FFA /* Main.storyboard */,
			);
			path = Views;
			sourceTree = "<group>";
		};
/* End PBXGroup section */

/* Begin PBXNativeTarget section */
		639DD4DB2205FDFA008D2FFA /* Movies */ = {
			isa = PBXNativeTarget;
			buildConfigurationList = 639DD4F92205FDFC008D2FFA /* Build configuration list for PBXNativeTarget "Movies" */;
			buildPhases = (
				639DD4D82205FDFA008D2FFA /* Sources */,
				639DD4D92205FDFA008D2FFA /* Frameworks */,
				639DD4DA2205FDFA008D2FFA /* Resources */,
			);
			buildRules = (
			);
			dependencies = (
			);
			name = Movies;
			productName = Movies;
			productReference = 639DD4DC2205FDFA008D2FFA /* Movies.app */;
			productType = "com.apple.product-type.application";
		};
		639DD4EF2205FDFC008D2FFA /* MoviesTests */ = {
			isa = PBXNativeTarget;
			buildConfigurationList = 639DD4FC2205FDFC008D2FFA /* Build configuration list for PBXNativeTarget "MoviesTests" */;
			buildPhases = (
				639DD4EC2205FDFC008D2FFA /* Sources */,
				639DD4ED2205FDFC008D2FFA /* Frameworks */,
				639DD4EE2205FDFC008D2FFA /* Resources */,
			);
			buildRules = (
			);
			dependencies = (
				639DD4F22205FDFC008D2FFA /* PBXTargetDependency */,
			);
			name = MoviesTests;
			productName = MoviesTests;
			productReference = 639DD4F02205FDFC008D2FFA /* MoviesTests.xctest */;
			productType = "com.apple.product-type.bundle.unit-test";
		};
/* End PBXNativeTarget section */

/* Begin PBXProject section */
		639DD4D42205FDFA008D2FFA /* Project object */ = {
			isa = PBXProject;
			attributes = {
				LastSwiftUpdateCheck = 1010;
				LastUpgradeCheck = 1010;
				ORGANIZATIONNAME = "Joanna LINGENFELTER";
				TargetAttributes = {
					639DD4DB2205FDFA008D2FFA = {
						CreatedOnToolsVersion = 10.1;
					};
					639DD4EF2205FDFC008D2FFA = {
						CreatedOnToolsVersion = 10.1;
						TestTargetID = 639DD4DB2205FDFA008D2FFA;
					};
				};
			};
			buildConfigurationList = 639DD4D72205FDFA008D2FFA /* Build configuration list for PBXProject "Movies" */;
			compatibilityVersion = "Xcode 9.3";
			developmentRegion = en;
			hasScannedForEncodings = 0;
			knownRegions = (
				en,
				Base,
			);
			mainGroup = 639DD4D32205FDFA008D2FFA;
			productRefGroup = 639DD4DD2205FDFA008D2FFA /* Products */;
			projectDirPath = "";
			projectRoot = "";
			targets = (
				639DD4DB2205FDFA008D2FFA /* Movies */,
				639DD4EF2205FDFC008D2FFA /* MoviesTests */,
			);
		};
/* End PBXProject section */

/* Begin PBXResourcesBuildPhase section */
		639DD4DA2205FDFA008D2FFA /* Resources */ = {
			isa = PBXResourcesBuildPhase;
			buildActionMask = 2147483647;
			files = (
				639DD4EA2205FDFC008D2FFA /* LaunchScreen.storyboard in Resources */,
				639DD4E72205FDFC008D2FFA /* Assets.xcassets in Resources */,
				639DD4E52205FDFA008D2FFA /* Main.storyboard in Resources */,
			);
			runOnlyForDeploymentPostprocessing = 0;
		};
		639DD4EE2205FDFC008D2FFA /* Resources */ = {
			isa = PBXResourcesBuildPhase;
			buildActionMask = 2147483647;
			files = (
			);
			runOnlyForDeploymentPostprocessing = 0;
		};
/* End PBXResourcesBuildPhase section */

/* Begin PBXSourcesBuildPhase section */
		639DD4D82205FDFA008D2FFA /* Sources */ = {
			isa = PBXSourcesBuildPhase;
			buildActionMask = 2147483647;
			files = (
				639DD4E22205FDFA008D2FFA /* MovieListViewController.swift in Sources */,
				63E0DFC922060922004FEF3C /* LoadingView.swift in Sources */,
				63E0DFC7220606CC004FEF3C /* MovieDetailViewController.swift in Sources */,
				639DD4E02205FDFA008D2FFA /* AppDelegate.swift in Sources */,
				63E0DFCB220618AF004FEF3C /* Movie.swift in Sources */,
			);
			runOnlyForDeploymentPostprocessing = 0;
		};
		639DD4EC2205FDFC008D2FFA /* Sources */ = {
			isa = PBXSourcesBuildPhase;
			buildActionMask = 2147483647;
			files = (
				639DD4F52205FDFC008D2FFA /* MoviesTests.swift in Sources */,
			);
			runOnlyForDeploymentPostprocessing = 0;
		};
/* End PBXSourcesBuildPhase section */

/* Begin PBXTargetDependency section */
		639DD4F22205FDFC008D2FFA /* PBXTargetDependency */ = {
			isa = PBXTargetDependency;
			target = 639DD4DB2205FDFA008D2FFA /* Movies */;
			targetProxy = 639DD4F12205FDFC008D2FFA /* PBXContainerItemProxy */;
		};
/* End PBXTargetDependency section */

/* Begin PBXVariantGroup section */
		639DD4E32205FDFA008D2FFA /* Main.storyboard */ = {
			isa = PBXVariantGroup;
			children = (
				639DD4E42205FDFA008D2FFA /* Base */,
			);
			name = Main.storyboard;
			sourceTree = "<group>";
		};
		639DD4E82205FDFC008D2FFA /* LaunchScreen.storyboard */ = {
			isa = PBXVariantGroup;
			children = (
				639DD4E92205FDFC008D2FFA /* Base */,
			);
			name = LaunchScreen.storyboard;
			sourceTree = "<group>";
		};
/* End PBXVariantGroup section */

/* Begin XCBuildConfiguration section */
		639DD4F72205FDFC008D2FFA /* Debug */ = {
			isa = XCBuildConfiguration;
			buildSettings = {
				ALWAYS_SEARCH_USER_PATHS = NO;
				CLANG_ANALYZER_NONNULL = YES;
				CLANG_ANALYZER_NUMBER_OBJECT_CONVERSION = YES_AGGRESSIVE;
				CLANG_CXX_LANGUAGE_STANDARD = "gnu++14";
				CLANG_CXX_LIBRARY = "libc++";
				CLANG_ENABLE_MODULES = YES;
				CLANG_ENABLE_OBJC_ARC = YES;
				CLANG_ENABLE_OBJC_WEAK = YES;
				CLANG_WARN_BLOCK_CAPTURE_AUTORELEASING = YES;
				CLANG_WARN_BOOL_CONVERSION = YES;
				CLANG_WARN_COMMA = YES;
				CLANG_WARN_CONSTANT_CONVERSION = YES;
				CLANG_WARN_DEPRECATED_OBJC_IMPLEMENTATIONS = YES;
				CLANG_WARN_DIRECT_OBJC_ISA_USAGE = YES_ERROR;
				CLANG_WARN_DOCUMENTATION_COMMENTS = YES;
				CLANG_WARN_EMPTY_BODY = YES;
				CLANG_WARN_ENUM_CONVERSION = YES;
				CLANG_WARN_INFINITE_RECURSION = YES;
				CLANG_WARN_INT_CONVERSION = YES;
				CLANG_WARN_NON_LITERAL_NULL_CONVERSION = YES;
				CLANG_WARN_OBJC_IMPLICIT_RETAIN_SELF = YES;
				CLANG_WARN_OBJC_LITERAL_CONVERSION = YES;
				CLANG_WARN_OBJC_ROOT_CLASS = YES_ERROR;
				CLANG_WARN_RANGE_LOOP_ANALYSIS = YES;
				CLANG_WARN_STRICT_PROTOTYPES = YES;
				CLANG_WARN_SUSPICIOUS_MOVE = YES;
				CLANG_WARN_UNGUARDED_AVAILABILITY = YES_AGGRESSIVE;
				CLANG_WARN_UNREACHABLE_CODE = YES;
				CLANG_WARN__DUPLICATE_METHOD_MATCH = YES;
				CODE_SIGN_IDENTITY = "iPhone Developer";
				COPY_PHASE_STRIP = NO;
				DEBUG_INFORMATION_FORMAT = dwarf;
				ENABLE_STRICT_OBJC_MSGSEND = YES;
				ENABLE_TESTABILITY = YES;
				GCC_C_LANGUAGE_STANDARD = gnu11;
				GCC_DYNAMIC_NO_PIC = NO;
				GCC_NO_COMMON_BLOCKS = YES;
				GCC_OPTIMIZATION_LEVEL = 0;
				GCC_PREPROCESSOR_DEFINITIONS = (
					"DEBUG=1",
					"$(inherited)",
				);
				GCC_WARN_64_TO_32_BIT_CONVERSION = YES;
				GCC_WARN_ABOUT_RETURN_TYPE = YES_ERROR;
				GCC_WARN_UNDECLARED_SELECTOR = YES;
				GCC_WARN_UNINITIALIZED_AUTOS = YES_AGGRESSIVE;
				GCC_WARN_UNUSED_FUNCTION = YES;
				GCC_WARN_UNUSED_VARIABLE = YES;
				IPHONEOS_DEPLOYMENT_TARGET = 12.1;
				MTL_ENABLE_DEBUG_INFO = INCLUDE_SOURCE;
				MTL_FAST_MATH = YES;
				ONLY_ACTIVE_ARCH = YES;
				SDKROOT = iphoneos;
				SWIFT_ACTIVE_COMPILATION_CONDITIONS = DEBUG;
				SWIFT_OPTIMIZATION_LEVEL = "-Onone";
			};
			name = Debug;
		};
		639DD4F82205FDFC008D2FFA /* Release */ = {
			isa = XCBuildConfiguration;
			buildSettings = {
				ALWAYS_SEARCH_USER_PATHS = NO;
				CLANG_ANALYZER_NONNULL = YES;
				CLANG_ANALYZER_NUMBER_OBJECT_CONVERSION = YES_AGGRESSIVE;
				CLANG_CXX_LANGUAGE_STANDARD = "gnu++14";
				CLANG_CXX_LIBRARY = "libc++";
				CLANG_ENABLE_MODULES = YES;
				CLANG_ENABLE_OBJC_ARC = YES;
				CLANG_ENABLE_OBJC_WEAK = YES;
				CLANG_WARN_BLOCK_CAPTURE_AUTORELEASING = YES;
				CLANG_WARN_BOOL_CONVERSION = YES;
				CLANG_WARN_COMMA = YES;
				CLANG_WARN_CONSTANT_CONVERSION = YES;
				CLANG_WARN_DEPRECATED_OBJC_IMPLEMENTATIONS = YES;
				CLANG_WARN_DIRECT_OBJC_ISA_USAGE = YES_ERROR;
				CLANG_WARN_DOCUMENTATION_COMMENTS = YES;
				CLANG_WARN_EMPTY_BODY = YES;
				CLANG_WARN_ENUM_CONVERSION = YES;
				CLANG_WARN_INFINITE_RECURSION = YES;
				CLANG_WARN_INT_CONVERSION = YES;
				CLANG_WARN_NON_LITERAL_NULL_CONVERSION = YES;
				CLANG_WARN_OBJC_IMPLICIT_RETAIN_SELF = YES;
				CLANG_WARN_OBJC_LITERAL_CONVERSION = YES;
				CLANG_WARN_OBJC_ROOT_CLASS = YES_ERROR;
				CLANG_WARN_RANGE_LOOP_ANALYSIS = YES;
				CLANG_WARN_STRICT_PROTOTYPES = YES;
				CLANG_WARN_SUSPICIOUS_MOVE = YES;
				CLANG_WARN_UNGUARDED_AVAILABILITY = YES_AGGRESSIVE;
				CLANG_WARN_UNREACHABLE_CODE = YES;
				CLANG_WARN__DUPLICATE_METHOD_MATCH = YES;
				CODE_SIGN_IDENTITY = "iPhone Developer";
				COPY_PHASE_STRIP = NO;
				DEBUG_INFORMATION_FORMAT = "dwarf-with-dsym";
				ENABLE_NS_ASSERTIONS = NO;
				ENABLE_STRICT_OBJC_MSGSEND = YES;
				GCC_C_LANGUAGE_STANDARD = gnu11;
				GCC_NO_COMMON_BLOCKS = YES;
				GCC_WARN_64_TO_32_BIT_CONVERSION = YES;
				GCC_WARN_ABOUT_RETURN_TYPE = YES_ERROR;
				GCC_WARN_UNDECLARED_SELECTOR = YES;
				GCC_WARN_UNINITIALIZED_AUTOS = YES_AGGRESSIVE;
				GCC_WARN_UNUSED_FUNCTION = YES;
				GCC_WARN_UNUSED_VARIABLE = YES;
				IPHONEOS_DEPLOYMENT_TARGET = 12.1;
				MTL_ENABLE_DEBUG_INFO = NO;
				MTL_FAST_MATH = YES;
				SDKROOT = iphoneos;
				SWIFT_COMPILATION_MODE = wholemodule;
				SWIFT_OPTIMIZATION_LEVEL = "-O";
				VALIDATE_PRODUCT = YES;
			};
			name = Release;
		};
		639DD4FA2205FDFC008D2FFA /* Debug */ = {
			isa = XCBuildConfiguration;
			buildSettings = {
				ASSETCATALOG_COMPILER_APPICON_NAME = AppIcon;
				CODE_SIGN_STYLE = Automatic;
				DEVELOPMENT_TEAM = 2K6RX929EU;
				INFOPLIST_FILE = Movies/Info.plist;
				LD_RUNPATH_SEARCH_PATHS = (
					"$(inherited)",
					"@executable_path/Frameworks",
				);
				PRODUCT_BUNDLE_IDENTIFIER = com.jolingenfelter.Movies;
				PRODUCT_NAME = "$(TARGET_NAME)";
				SWIFT_VERSION = 4.2;
				TARGETED_DEVICE_FAMILY = "1,2";
			};
			name = Debug;
		};
		639DD4FB2205FDFC008D2FFA /* Release */ = {
			isa = XCBuildConfiguration;
			buildSettings = {
				ASSETCATALOG_COMPILER_APPICON_NAME = AppIcon;
				CODE_SIGN_STYLE = Automatic;
				DEVELOPMENT_TEAM = 2K6RX929EU;
				INFOPLIST_FILE = Movies/Info.plist;
				LD_RUNPATH_SEARCH_PATHS = (
					"$(inherited)",
					"@executable_path/Frameworks",
				);
				PRODUCT_BUNDLE_IDENTIFIER = com.jolingenfelter.Movies;
				PRODUCT_NAME = "$(TARGET_NAME)";
				SWIFT_VERSION = 4.2;
				TARGETED_DEVICE_FAMILY = "1,2";
			};
			name = Release;
		};
		639DD4FD2205FDFC008D2FFA /* Debug */ = {
			isa = XCBuildConfiguration;
			buildSettings = {
				ALWAYS_EMBED_SWIFT_STANDARD_LIBRARIES = YES;
				BUNDLE_LOADER = "$(TEST_HOST)";
				CODE_SIGN_STYLE = Automatic;
				DEVELOPMENT_TEAM = 2K6RX929EU;
				INFOPLIST_FILE = MoviesTests/Info.plist;
				LD_RUNPATH_SEARCH_PATHS = (
					"$(inherited)",
					"@executable_path/Frameworks",
					"@loader_path/Frameworks",
				);
				PRODUCT_BUNDLE_IDENTIFIER = com.jolingenfelter.MoviesTests;
				PRODUCT_NAME = "$(TARGET_NAME)";
				SWIFT_VERSION = 4.2;
				TARGETED_DEVICE_FAMILY = "1,2";
				TEST_HOST = "$(BUILT_PRODUCTS_DIR)/Movies.app/Movies";
			};
			name = Debug;
		};
		639DD4FE2205FDFC008D2FFA /* Release */ = {
			isa = XCBuildConfiguration;
			buildSettings = {
				ALWAYS_EMBED_SWIFT_STANDARD_LIBRARIES = YES;
				BUNDLE_LOADER = "$(TEST_HOST)";
				CODE_SIGN_STYLE = Automatic;
				DEVELOPMENT_TEAM = 2K6RX929EU;
				INFOPLIST_FILE = MoviesTests/Info.plist;
				LD_RUNPATH_SEARCH_PATHS = (
					"$(inherited)",
					"@executable_path/Frameworks",
					"@loader_path/Frameworks",
				);
				PRODUCT_BUNDLE_IDENTIFIER = com.jolingenfelter.MoviesTests;
				PRODUCT_NAME = "$(TARGET_NAME)";
				SWIFT_VERSION = 4.2;
				TARGETED_DEVICE_FAMILY = "1,2";
				TEST_HOST = "$(BUILT_PRODUCTS_DIR)/Movies.app/Movies";
			};
			name = Release;
		};
/* End XCBuildConfiguration section */

/* Begin XCConfigurationList section */
		639DD4D72205FDFA008D2FFA /* Build configuration list for PBXProject "Movies" */ = {
			isa = XCConfigurationList;
			buildConfigurations = (
				639DD4F72205FDFC008D2FFA /* Debug */,
				639DD4F82205FDFC008D2FFA /* Release */,
			);
			defaultConfigurationIsVisible = 0;
			defaultConfigurationName = Release;
		};
		639DD4F92205FDFC008D2FFA /* Build configuration list for PBXNativeTarget "Movies" */ = {
			isa = XCConfigurationList;
			buildConfigurations = (
				639DD4FA2205FDFC008D2FFA /* Debug */,
				639DD4FB2205FDFC008D2FFA /* Release */,
			);
			defaultConfigurationIsVisible = 0;
			defaultConfigurationName = Release;
		};
		639DD4FC2205FDFC008D2FFA /* Build configuration list for PBXNativeTarget "MoviesTests" */ = {
			isa = XCConfigurationList;
			buildConfigurations = (
				639DD4FD2205FDFC008D2FFA /* Debug */,
				639DD4FE2205FDFC008D2FFA /* Release */,
			);
			defaultConfigurationIsVisible = 0;
			defaultConfigurationName = Release;
		};
/* End XCConfigurationList section */
	};
	rootObject = 639DD4D42205FDFA008D2FFA /* Project object */;
}
